{
  "name": "gabe-sd.github.io",
  "lockfileVersion": 3,
  "requires": true,
  "packages": {
    "": {
      "name": "gabe-sd.github.io",
      "devDependencies": {
        "playwright-core": "1.45.0"
      }
    },
    "node_modules/playwright-core": {
      "version": "1.45.0",
      "resolved": "https://registry.npmjs.org/playwright-core/-/playwright-core-1.45.0.tgz",
      "integrity": "sha512-lZmHlFQ0VYSpAs43dRq1/nJ9G/6SiTI7VPqidld9TDefL9tX87bTKExWZZUF5PeRyqtXqd8fQi2qmfIedkwsNQ==",
      "dev": true,
      "bin": {
        "playwright-core": "cli.js"
      },
      "engines": {
        "node": ">=18"
      }
    }
  }
}
